
Microsoft Visual Studio Solution File, Format Version 12.00
# Visual Studio 15
VisualStudioVersion = 15.0.26430.13
MinimumVisualStudioVersion = 10.0.40219.1
Project("{9A19103F-16F7-4668-BE54-9A1E7A4F7556}") = "AspNetCoreDebuggable", "AspNetCoreDebuggable\AspNetCoreDebuggable.csproj", "{3FF5127D-3DB7-4726-A502-249B2B217AB5}"
EndProject
Project("{9A19103F-16F7-4668-BE54-9A1E7A4F7556}") = "Microsoft.AspNetCore.WebUtilities", "src\Microsoft.AspNetCore.WebUtilities\Microsoft.AspNetCore.WebUtilities.csproj", "{58734ADC-C762-408F-8A37-E1CD4AEE3E4F}"
EndProject
Project("{9A19103F-16F7-4668-BE54-9A1E7A4F7556}") = "Microsoft.AspNetCore.Http.Features", "src\Microsoft.AspNetCore.Http.Features\Microsoft.AspNetCore.Http.Features.csproj", "{256D5A4D-C12D-4676-AAFB-6546C5E527AE}"
EndProject
Project("{9A19103F-16F7-4668-BE54-9A1E7A4F7556}") = "Microsoft.AspNetCore.Http.Abstractions", "src\Microsoft.AspNetCore.Http.Abstractions\Microsoft.AspNetCore.Http.Abstractions.csproj", "{37FF2E06-B148-4CF3-B58A-6268D583A7D9}"
EndProject
Project("{9A19103F-16F7-4668-BE54-9A1E7A4F7556}") = "Microsoft.AspNetCore.Http.Extensions", "src\Microsoft.AspNetCore.Http.Extensions\Microsoft.AspNetCore.Http.Extensions.csproj", "{6F8FA244-78C4-4A29-85EE-3FD86746D68C}"
EndProject
Project("{9A19103F-16F7-4668-BE54-9A1E7A4F7556}") = "Microsoft.AspNetCore.Http", "src\Microsoft.AspNetCore.Http\Microsoft.AspNetCore.Http.csproj", "{2E478857-2684-429A-BF20-F7804EEE66DC}"
EndProject
Project("{9A19103F-16F7-4668-BE54-9A1E7A4F7556}") = "Microsoft.AspNetCore.Hosting.Server.Abstractions", "src\Microsoft.AspNetCore.Hosting.Server.Abstractions\Microsoft.AspNetCore.Hosting.Server.Abstractions.csproj", "{CDD8D7C7-BE60-4F56-834E-112075016F09}"
EndProject
Project("{9A19103F-16F7-4668-BE54-9A1E7A4F7556}") = "Microsoft.AspNetCore.Hosting.Abstractions", "src\Microsoft.AspNetCore.Hosting.Abstractions\Microsoft.AspNetCore.Hosting.Abstractions.csproj", "{4D7B06AB-4AF4-4CD9-9FB0-862BDADE3499}"
EndProject
Project("{9A19103F-16F7-4668-BE54-9A1E7A4F7556}") = "Microsoft.AspNetCore.Hosting", "src\Microsoft.AspNetCore.Hosting\Microsoft.AspNetCore.Hosting.csproj", "{905CF869-0B32-429C-A615-1F6407E4758F}"
EndProject
Project("{9A19103F-16F7-4668-BE54-9A1E7A4F7556}") = "Microsoft.AspNetCore.Diagnostics.Abstractions", "src\Microsoft.AspNetCore.Diagnostics.Abstractions\Microsoft.AspNetCore.Diagnostics.Abstractions.csproj", "{67B90D26-2346-4EED-9E1B-4D58AA68DB3B}"
EndProject
Project("{9A19103F-16F7-4668-BE54-9A1E7A4F7556}") = "Microsoft.AspNetCore.Diagnostics", "src\Microsoft.AspNetCore.Diagnostics\Microsoft.AspNetCore.Diagnostics.csproj", "{4BCDF9DA-75B4-4953-A667-0D051FF16809}"
EndProject
Project("{9A19103F-16F7-4668-BE54-9A1E7A4F7556}") = "Microsoft.AspNetCore.Routing.Abstractions", "src\Microsoft.AspNetCore.Routing.Abstractions\Microsoft.AspNetCore.Routing.Abstractions.csproj", "{08227C75-A7F5-44A3-B498-3B0C250E17CB}"
EndProject
Project("{9A19103F-16F7-4668-BE54-9A1E7A4F7556}") = "Microsoft.AspNetCore.Routing", "src\Microsoft.AspNetCore.Routing\Microsoft.AspNetCore.Routing.csproj", "{7412872E-5718-4151-B974-0827B4064374}"
EndProject
Project("{9A19103F-16F7-4668-BE54-9A1E7A4F7556}") = "Microsoft.AspNetCore.Server.Kestrel", "src\Microsoft.AspNetCore.Server.Kestrel\Microsoft.AspNetCore.Server.Kestrel.csproj", "{45F9658A-0417-450A-B76B-048F72190B5F}"
EndProject
Project("{9A19103F-16F7-4668-BE54-9A1E7A4F7556}") = "Microsoft.AspNetCore.HttpOverrides", "src\Microsoft.AspNetCore.HttpOverrides\Microsoft.AspNetCore.HttpOverrides.csproj", "{0E829106-BA1D-4859-BCAC-E213FF79BCA8}"
EndProject
Project("{9A19103F-16F7-4668-BE54-9A1E7A4F7556}") = "Microsoft.AspNetCore.Server.IISIntegration", "src\Microsoft.AspNetCore.Server.IISIntegration\Microsoft.AspNetCore.Server.IISIntegration.csproj", "{2B2010DF-9A59-4F06-BBAF-1997A5A4B3E0}"
EndProject
Project("{9A19103F-16F7-4668-BE54-9A1E7A4F7556}") = "Microsoft.AspNetCore.Cors", "src\Microsoft.AspNetCore.Cors\Microsoft.AspNetCore.Cors.csproj", "{417F6FCD-E3C4-4E5A-8A56-A9D9A35D8182}"
EndProject
Project("{9A19103F-16F7-4668-BE54-9A1E7A4F7556}") = "Microsoft.AspNetCore.Authorization", "src\Microsoft.AspNetCore.Authorization\Microsoft.AspNetCore.Authorization.csproj", "{BC81A312-2BFC-4AA4-AFAE-E843FCBAF931}"
EndProject
Project("{9A19103F-16F7-4668-BE54-9A1E7A4F7556}") = "Microsoft.AspNetCore.ResponseCaching.Abstractions", "src\Microsoft.AspNetCore.ResponseCaching.Abstractions\Microsoft.AspNetCore.ResponseCaching.Abstractions.csproj", "{33F0825F-F2B8-46B7-AF5C-5D3E0004BF64}"
EndProject
Project("{9A19103F-16F7-4668-BE54-9A1E7A4F7556}") = "Microsoft.AspNetCore.JsonPatch", "src\Microsoft.AspNetCore.JsonPatch\Microsoft.AspNetCore.JsonPatch.csproj", "{5DC9B10A-CD8F-4B9A-89BF-736CEEA1467F}"
EndProject
Project("{9A19103F-16F7-4668-BE54-9A1E7A4F7556}") = "Microsoft.AspNetCore.Mvc.Abstractions", "src\Microsoft.AspNetCore.Mvc.Abstractions\Microsoft.AspNetCore.Mvc.Abstractions.csproj", "{70CAB618-D748-41D9-BDF1-9E79C04769E9}"
EndProject
Project("{9A19103F-16F7-4668-BE54-9A1E7A4F7556}") = "Microsoft.AspNetCore.Mvc.Core", "src\Microsoft.AspNetCore.Mvc.Core\Microsoft.AspNetCore.Mvc.Core.csproj", "{4BB92ACD-235C-44C0-8C1A-F3DD3ED430F9}"
EndProject
Project("{9A19103F-16F7-4668-BE54-9A1E7A4F7556}") = "Microsoft.AspNetCore.Mvc.ApiExplorer", "src\Microsoft.AspNetCore.Mvc.ApiExplorer\Microsoft.AspNetCore.Mvc.ApiExplorer.csproj", "{BA1C4E26-3578-412B-AA57-4F0B82F7E49B}"
EndProject
Project("{9A19103F-16F7-4668-BE54-9A1E7A4F7556}") = "Microsoft.AspNetCore.Mvc.Cors", "src\Microsoft.AspNetCore.Mvc.Cors\Microsoft.AspNetCore.Mvc.Cors.csproj", "{6E6FD86C-68B9-4C9A-BBD5-0824A5CC3E4E}"
EndProject
Project("{9A19103F-16F7-4668-BE54-9A1E7A4F7556}") = "Microsoft.AspNetCore.Mvc.DataAnnotations", "src\Microsoft.AspNetCore.Mvc.DataAnnotations\Microsoft.AspNetCore.Mvc.DataAnnotations.csproj", "{910449D5-A73B-4F71-BE42-5EF7EB0CEF04}"
EndProject
Project("{9A19103F-16F7-4668-BE54-9A1E7A4F7556}") = "Microsoft.AspNetCore.Mvc.Formatters.Json", "src\Microsoft.AspNetCore.Mvc.Formatters.Json\Microsoft.AspNetCore.Mvc.Formatters.Json.csproj", "{29F502E3-7C85-4872-8032-E2E879B1C5ED}"
EndProject
Project("{9A19103F-16F7-4668-BE54-9A1E7A4F7556}") = "Microsoft.AspNetCore.Localization", "src\Microsoft.AspNetCore.Localization\Microsoft.AspNetCore.Localization.csproj", "{51C4B79F-AF58-4E8E-8432-B1A3E1BC0D33}"
EndProject
Project("{9A19103F-16F7-4668-BE54-9A1E7A4F7556}") = "Microsoft.AspNetCore.Razor", "src\Microsoft.AspNetCore.Razor\Microsoft.AspNetCore.Razor.csproj", "{0B7FFA2C-55F9-4E1C-AAD1-C9A6B70643C1}"
EndProject
Project("{9A19103F-16F7-4668-BE54-9A1E7A4F7556}") = "Microsoft.AspNetCore.Html.Abstractions", "src\Microsoft.AspNetCore.Html.Abstractions\Microsoft.AspNetCore.Html.Abstractions.csproj", "{94872ABF-73A7-4091-A896-0BC28B76AE68}"
EndProject
Project("{9A19103F-16F7-4668-BE54-9A1E7A4F7556}") = "Microsoft.AspNetCore.Razor.Runtime", "src\Microsoft.AspNetCore.Razor.Runtime\Microsoft.AspNetCore.Razor.Runtime.csproj", "{AD0F2522-0203-427D-847F-39F78EF63868}"
EndProject
Global
	GlobalSection(SolutionConfigurationPlatforms) = preSolution
		Debug|Any CPU = Debug|Any CPU
		Release|Any CPU = Release|Any CPU
	EndGlobalSection
	GlobalSection(ProjectConfigurationPlatforms) = postSolution
		{3FF5127D-3DB7-4726-A502-249B2B217AB5}.Debug|Any CPU.ActiveCfg = Debug|Any CPU
		{3FF5127D-3DB7-4726-A502-249B2B217AB5}.Debug|Any CPU.Build.0 = Debug|Any CPU
		{3FF5127D-3DB7-4726-A502-249B2B217AB5}.Release|Any CPU.ActiveCfg = Release|Any CPU
		{3FF5127D-3DB7-4726-A502-249B2B217AB5}.Release|Any CPU.Build.0 = Release|Any CPU
		{58734ADC-C762-408F-8A37-E1CD4AEE3E4F}.Debug|Any CPU.ActiveCfg = Debug|Any CPU
		{58734ADC-C762-408F-8A37-E1CD4AEE3E4F}.Debug|Any CPU.Build.0 = Debug|Any CPU
		{58734ADC-C762-408F-8A37-E1CD4AEE3E4F}.Release|Any CPU.ActiveCfg = Release|Any CPU
		{58734ADC-C762-408F-8A37-E1CD4AEE3E4F}.Release|Any CPU.Build.0 = Release|Any CPU
		{256D5A4D-C12D-4676-AAFB-6546C5E527AE}.Debug|Any CPU.ActiveCfg = Debug|Any CPU
		{256D5A4D-C12D-4676-AAFB-6546C5E527AE}.Debug|Any CPU.Build.0 = Debug|Any CPU
		{256D5A4D-C12D-4676-AAFB-6546C5E527AE}.Release|Any CPU.ActiveCfg = Release|Any CPU
		{256D5A4D-C12D-4676-AAFB-6546C5E527AE}.Release|Any CPU.Build.0 = Release|Any CPU
		{37FF2E06-B148-4CF3-B58A-6268D583A7D9}.Debug|Any CPU.ActiveCfg = Debug|Any CPU
		{37FF2E06-B148-4CF3-B58A-6268D583A7D9}.Debug|Any CPU.Build.0 = Debug|Any CPU
		{37FF2E06-B148-4CF3-B58A-6268D583A7D9}.Release|Any CPU.ActiveCfg = Release|Any CPU
		{37FF2E06-B148-4CF3-B58A-6268D583A7D9}.Release|Any CPU.Build.0 = Release|Any CPU
		{6F8FA244-78C4-4A29-85EE-3FD86746D68C}.Debug|Any CPU.ActiveCfg = Debug|Any CPU
		{6F8FA244-78C4-4A29-85EE-3FD86746D68C}.Debug|Any CPU.Build.0 = Debug|Any CPU
		{6F8FA244-78C4-4A29-85EE-3FD86746D68C}.Release|Any CPU.ActiveCfg = Release|Any CPU
		{6F8FA244-78C4-4A29-85EE-3FD86746D68C}.Release|Any CPU.Build.0 = Release|Any CPU
		{2E478857-2684-429A-BF20-F7804EEE66DC}.Debug|Any CPU.ActiveCfg = Debug|Any CPU
		{2E478857-2684-429A-BF20-F7804EEE66DC}.Debug|Any CPU.Build.0 = Debug|Any CPU
		{2E478857-2684-429A-BF20-F7804EEE66DC}.Release|Any CPU.ActiveCfg = Release|Any CPU
		{2E478857-2684-429A-BF20-F7804EEE66DC}.Release|Any CPU.Build.0 = Release|Any CPU
		{CDD8D7C7-BE60-4F56-834E-112075016F09}.Debug|Any CPU.ActiveCfg = Debug|Any CPU
		{CDD8D7C7-BE60-4F56-834E-112075016F09}.Debug|Any CPU.Build.0 = Debug|Any CPU
		{CDD8D7C7-BE60-4F56-834E-112075016F09}.Release|Any CPU.ActiveCfg = Release|Any CPU
		{CDD8D7C7-BE60-4F56-834E-112075016F09}.Release|Any CPU.Build.0 = Release|Any CPU
		{4D7B06AB-4AF4-4CD9-9FB0-862BDADE3499}.Debug|Any CPU.ActiveCfg = Debug|Any CPU
		{4D7B06AB-4AF4-4CD9-9FB0-862BDADE3499}.Debug|Any CPU.Build.0 = Debug|Any CPU
		{4D7B06AB-4AF4-4CD9-9FB0-862BDADE3499}.Release|Any CPU.ActiveCfg = Release|Any CPU
		{4D7B06AB-4AF4-4CD9-9FB0-862BDADE3499}.Release|Any CPU.Build.0 = Release|Any CPU
		{905CF869-0B32-429C-A615-1F6407E4758F}.Debug|Any CPU.ActiveCfg = Debug|Any CPU
		{905CF869-0B32-429C-A615-1F6407E4758F}.Debug|Any CPU.Build.0 = Debug|Any CPU
		{905CF869-0B32-429C-A615-1F6407E4758F}.Release|Any CPU.ActiveCfg = Release|Any CPU
		{905CF869-0B32-429C-A615-1F6407E4758F}.Release|Any CPU.Build.0 = Release|Any CPU
		{67B90D26-2346-4EED-9E1B-4D58AA68DB3B}.Debug|Any CPU.ActiveCfg = Debug|Any CPU
		{67B90D26-2346-4EED-9E1B-4D58AA68DB3B}.Debug|Any CPU.Build.0 = Debug|Any CPU
		{67B90D26-2346-4EED-9E1B-4D58AA68DB3B}.Release|Any CPU.ActiveCfg = Release|Any CPU
		{67B90D26-2346-4EED-9E1B-4D58AA68DB3B}.Release|Any CPU.Build.0 = Release|Any CPU
		{4BCDF9DA-75B4-4953-A667-0D051FF16809}.Debug|Any CPU.ActiveCfg = Debug|Any CPU
		{4BCDF9DA-75B4-4953-A667-0D051FF16809}.Debug|Any CPU.Build.0 = Debug|Any CPU
		{4BCDF9DA-75B4-4953-A667-0D051FF16809}.Release|Any CPU.ActiveCfg = Release|Any CPU
		{4BCDF9DA-75B4-4953-A667-0D051FF16809}.Release|Any CPU.Build.0 = Release|Any CPU
		{08227C75-A7F5-44A3-B498-3B0C250E17CB}.Debug|Any CPU.ActiveCfg = Debug|Any CPU
		{08227C75-A7F5-44A3-B498-3B0C250E17CB}.Debug|Any CPU.Build.0 = Debug|Any CPU
		{08227C75-A7F5-44A3-B498-3B0C250E17CB}.Release|Any CPU.ActiveCfg = Release|Any CPU
		{08227C75-A7F5-44A3-B498-3B0C250E17CB}.Release|Any CPU.Build.0 = Release|Any CPU
		{7412872E-5718-4151-B974-0827B4064374}.Debug|Any CPU.ActiveCfg = Debug|Any CPU
		{7412872E-5718-4151-B974-0827B4064374}.Debug|Any CPU.Build.0 = Debug|Any CPU
		{7412872E-5718-4151-B974-0827B4064374}.Release|Any CPU.ActiveCfg = Release|Any CPU
		{7412872E-5718-4151-B974-0827B4064374}.Release|Any CPU.Build.0 = Release|Any CPU
		{45F9658A-0417-450A-B76B-048F72190B5F}.Debug|Any CPU.ActiveCfg = Debug|Any CPU
		{45F9658A-0417-450A-B76B-048F72190B5F}.Debug|Any CPU.Build.0 = Debug|Any CPU
		{45F9658A-0417-450A-B76B-048F72190B5F}.Release|Any CPU.ActiveCfg = Release|Any CPU
		{45F9658A-0417-450A-B76B-048F72190B5F}.Release|Any CPU.Build.0 = Release|Any CPU
		{0E829106-BA1D-4859-BCAC-E213FF79BCA8}.Debug|Any CPU.ActiveCfg = Debug|Any CPU
		{0E829106-BA1D-4859-BCAC-E213FF79BCA8}.Debug|Any CPU.Build.0 = Debug|Any CPU
		{0E829106-BA1D-4859-BCAC-E213FF79BCA8}.Release|Any CPU.ActiveCfg = Release|Any CPU
		{0E829106-BA1D-4859-BCAC-E213FF79BCA8}.Release|Any CPU.Build.0 = Release|Any CPU
		{2B2010DF-9A59-4F06-BBAF-1997A5A4B3E0}.Debug|Any CPU.ActiveCfg = Debug|Any CPU
		{2B2010DF-9A59-4F06-BBAF-1997A5A4B3E0}.Debug|Any CPU.Build.0 = Debug|Any CPU
		{2B2010DF-9A59-4F06-BBAF-1997A5A4B3E0}.Release|Any CPU.ActiveCfg = Release|Any CPU
		{2B2010DF-9A59-4F06-BBAF-1997A5A4B3E0}.Release|Any CPU.Build.0 = Release|Any CPU
		{417F6FCD-E3C4-4E5A-8A56-A9D9A35D8182}.Debug|Any CPU.ActiveCfg = Debug|Any CPU
		{417F6FCD-E3C4-4E5A-8A56-A9D9A35D8182}.Debug|Any CPU.Build.0 = Debug|Any CPU
		{417F6FCD-E3C4-4E5A-8A56-A9D9A35D8182}.Release|Any CPU.ActiveCfg = Release|Any CPU
		{417F6FCD-E3C4-4E5A-8A56-A9D9A35D8182}.Release|Any CPU.Build.0 = Release|Any CPU
		{BC81A312-2BFC-4AA4-AFAE-E843FCBAF931}.Debug|Any CPU.ActiveCfg = Debug|Any CPU
		{BC81A312-2BFC-4AA4-AFAE-E843FCBAF931}.Debug|Any CPU.Build.0 = Debug|Any CPU
		{BC81A312-2BFC-4AA4-AFAE-E843FCBAF931}.Release|Any CPU.ActiveCfg = Release|Any CPU
		{BC81A312-2BFC-4AA4-AFAE-E843FCBAF931}.Release|Any CPU.Build.0 = Release|Any CPU
		{33F0825F-F2B8-46B7-AF5C-5D3E0004BF64}.Debug|Any CPU.ActiveCfg = Debug|Any CPU
		{33F0825F-F2B8-46B7-AF5C-5D3E0004BF64}.Debug|Any CPU.Build.0 = Debug|Any CPU
		{33F0825F-F2B8-46B7-AF5C-5D3E0004BF64}.Release|Any CPU.ActiveCfg = Release|Any CPU
		{33F0825F-F2B8-46B7-AF5C-5D3E0004BF64}.Release|Any CPU.Build.0 = Release|Any CPU
		{5DC9B10A-CD8F-4B9A-89BF-736CEEA1467F}.Debug|Any CPU.ActiveCfg = Debug|Any CPU
		{5DC9B10A-CD8F-4B9A-89BF-736CEEA1467F}.Debug|Any CPU.Build.0 = Debug|Any CPU
		{5DC9B10A-CD8F-4B9A-89BF-736CEEA1467F}.Release|Any CPU.ActiveCfg = Release|Any CPU
		{5DC9B10A-CD8F-4B9A-89BF-736CEEA1467F}.Release|Any CPU.Build.0 = Release|Any CPU
		{70CAB618-D748-41D9-BDF1-9E79C04769E9}.Debug|Any CPU.ActiveCfg = Debug|Any CPU
		{70CAB618-D748-41D9-BDF1-9E79C04769E9}.Debug|Any CPU.Build.0 = Debug|Any CPU
		{70CAB618-D748-41D9-BDF1-9E79C04769E9}.Release|Any CPU.ActiveCfg = Release|Any CPU
		{70CAB618-D748-41D9-BDF1-9E79C04769E9}.Release|Any CPU.Build.0 = Release|Any CPU
		{4BB92ACD-235C-44C0-8C1A-F3DD3ED430F9}.Debug|Any CPU.ActiveCfg = Debug|Any CPU
		{4BB92ACD-235C-44C0-8C1A-F3DD3ED430F9}.Debug|Any CPU.Build.0 = Debug|Any CPU
		{4BB92ACD-235C-44C0-8C1A-F3DD3ED430F9}.Release|Any CPU.ActiveCfg = Release|Any CPU
		{4BB92ACD-235C-44C0-8C1A-F3DD3ED430F9}.Release|Any CPU.Build.0 = Release|Any CPU
		{BA1C4E26-3578-412B-AA57-4F0B82F7E49B}.Debug|Any CPU.ActiveCfg = Debug|Any CPU
		{BA1C4E26-3578-412B-AA57-4F0B82F7E49B}.Debug|Any CPU.Build.0 = Debug|Any CPU
		{BA1C4E26-3578-412B-AA57-4F0B82F7E49B}.Release|Any CPU.ActiveCfg = Release|Any CPU
		{BA1C4E26-3578-412B-AA57-4F0B82F7E49B}.Release|Any CPU.Build.0 = Release|Any CPU
		{6E6FD86C-68B9-4C9A-BBD5-0824A5CC3E4E}.Debug|Any CPU.ActiveCfg = Debug|Any CPU
		{6E6FD86C-68B9-4C9A-BBD5-0824A5CC3E4E}.Debug|Any CPU.Build.0 = Debug|Any CPU
		{6E6FD86C-68B9-4C9A-BBD5-0824A5CC3E4E}.Release|Any CPU.ActiveCfg = Release|Any CPU
		{6E6FD86C-68B9-4C9A-BBD5-0824A5CC3E4E}.Release|Any CPU.Build.0 = Release|Any CPU
		{910449D5-A73B-4F71-BE42-5EF7EB0CEF04}.Debug|Any CPU.ActiveCfg = Debug|Any CPU
		{910449D5-A73B-4F71-BE42-5EF7EB0CEF04}.Debug|Any CPU.Build.0 = Debug|Any CPU
		{910449D5-A73B-4F71-BE42-5EF7EB0CEF04}.Release|Any CPU.ActiveCfg = Release|Any CPU
		{910449D5-A73B-4F71-BE42-5EF7EB0CEF04}.Release|Any CPU.Build.0 = Release|Any CPU
		{29F502E3-7C85-4872-8032-E2E879B1C5ED}.Debug|Any CPU.ActiveCfg = Debug|Any CPU
		{29F502E3-7C85-4872-8032-E2E879B1C5ED}.Debug|Any CPU.Build.0 = Debug|Any CPU
		{29F502E3-7C85-4872-8032-E2E879B1C5ED}.Release|Any CPU.ActiveCfg = Release|Any CPU
		{29F502E3-7C85-4872-8032-E2E879B1C5ED}.Release|Any CPU.Build.0 = Release|Any CPU
		{51C4B79F-AF58-4E8E-8432-B1A3E1BC0D33}.Debug|Any CPU.ActiveCfg = Debug|Any CPU
		{51C4B79F-AF58-4E8E-8432-B1A3E1BC0D33}.Debug|Any CPU.Build.0 = Debug|Any CPU
		{51C4B79F-AF58-4E8E-8432-B1A3E1BC0D33}.Release|Any CPU.ActiveCfg = Release|Any CPU
		{51C4B79F-AF58-4E8E-8432-B1A3E1BC0D33}.Release|Any CPU.Build.0 = Release|Any CPU
		{0B7FFA2C-55F9-4E1C-AAD1-C9A6B70643C1}.Debug|Any CPU.ActiveCfg = Debug|Any CPU
		{0B7FFA2C-55F9-4E1C-AAD1-C9A6B70643C1}.Debug|Any CPU.Build.0 = Debug|Any CPU
		{0B7FFA2C-55F9-4E1C-AAD1-C9A6B70643C1}.Release|Any CPU.ActiveCfg = Release|Any CPU
		{0B7FFA2C-55F9-4E1C-AAD1-C9A6B70643C1}.Release|Any CPU.Build.0 = Release|Any CPU
		{94872ABF-73A7-4091-A896-0BC28B76AE68}.Debug|Any CPU.ActiveCfg = Debug|Any CPU
		{94872ABF-73A7-4091-A896-0BC28B76AE68}.Debug|Any CPU.Build.0 = Debug|Any CPU
		{94872ABF-73A7-4091-A896-0BC28B76AE68}.Release|Any CPU.ActiveCfg = Release|Any CPU
		{94872ABF-73A7-4091-A896-0BC28B76AE68}.Release|Any CPU.Build.0 = Release|Any CPU
		{AD0F2522-0203-427D-847F-39F78EF63868}.Debug|Any CPU.ActiveCfg = Debug|Any CPU
		{AD0F2522-0203-427D-847F-39F78EF63868}.Debug|Any CPU.Build.0 = Debug|Any CPU
		{AD0F2522-0203-427D-847F-39F78EF63868}.Release|Any CPU.ActiveCfg = Release|Any CPU
		{AD0F2522-0203-427D-847F-39F78EF63868}.Release|Any CPU.Build.0 = Release|Any CPU
	EndGlobalSection
	GlobalSection(SolutionProperties) = preSolution
		HideSolutionNode = FALSE
	EndGlobalSection
EndGlobal
